
Microsoft Visual Studio Solution File, Format Version 12.00
# Visual Studio Version 17
VisualStudioVersion = 17.10.35013.160
MinimumVisualStudioVersion = 10.0.40219.1
Project("{9A19103F-16F7-4668-BE54-9A1E7A4F7556}") = "PlatformService", "PlatformService\PlatformService.csproj", "{BE8C1AD5-CD20-4BD8-8FAD-00272C9D1FF5}"
EndProject
Project("{2150E333-8FDC-42A3-9474-1A3956D46DE8}") = "K8S", "K8S", "{442522DF-FE36-4E15-9044-50F403091445}"
	ProjectSection(SolutionItems) = preProject
		commands-depl.yaml = commands-depl.yaml
		platforms-depl.yaml = platforms-depl.yaml
		K8S\platforms-np-srv.yaml = K8S\platforms-np-srv.yaml
	EndProjectSection
EndProject
Project("{FAE04EC0-301F-11D3-BF4B-00C04F79EFBC}") = "CommandsService", "CommandsService\CommandsService.csproj", "{66648E7F-CE50-4DEA-B227-031563639797}"
EndProject
Global
	GlobalSection(SolutionConfigurationPlatforms) = preSolution
		Debug|Any CPU = Debug|Any CPU
		Release|Any CPU = Release|Any CPU
	EndGlobalSection
	GlobalSection(ProjectConfigurationPlatforms) = postSolution
		{BE8C1AD5-CD20-4BD8-8FAD-00272C9D1FF5}.Debug|Any CPU.ActiveCfg = Debug|Any CPU
		{BE8C1AD5-CD20-4BD8-8FAD-00272C9D1FF5}.Debug|Any CPU.Build.0 = Debug|Any CPU
		{BE8C1AD5-CD20-4BD8-8FAD-00272C9D1FF5}.Release|Any CPU.ActiveCfg = Release|Any CPU
		{BE8C1AD5-CD20-4BD8-8FAD-00272C9D1FF5}.Release|Any CPU.Build.0 = Release|Any CPU
		{66648E7F-CE50-4DEA-B227-031563639797}.Debug|Any CPU.ActiveCfg = Debug|Any CPU
		{66648E7F-CE50-4DEA-B227-031563639797}.Debug|Any CPU.Build.0 = Debug|Any CPU
		{66648E7F-CE50-4DEA-B227-031563639797}.Release|Any CPU.ActiveCfg = Release|Any CPU
		{66648E7F-CE50-4DEA-B227-031563639797}.Release|Any CPU.Build.0 = Release|Any CPU
	EndGlobalSection
	GlobalSection(SolutionProperties) = preSolution
		HideSolutionNode = FALSE
	EndGlobalSection
	GlobalSection(ExtensibilityGlobals) = postSolution
		SolutionGuid = {3BB0B359-2D16-475F-B6A9-1F17BDD54BBB}
	EndGlobalSection
EndGlobal
